// !$*UTF8*$!
{
	archiveVersion = 1;
	classes = {
	};
	objectVersion = 56;
	objects = {

/* Begin PBXBuildFile section */
		D01F646A29867924003E8753 /* badgeApp.swift in Sources */ = {isa = PBXBuildFile; fileRef = D01F646929867924003E8753 /* badgeApp.swift */; };
		D01F646C29867924003E8753 /* ContentView.swift in Sources */ = {isa = PBXBuildFile; fileRef = D01F646B29867924003E8753 /* ContentView.swift */; };
		D01F646E29867925003E8753 /* Assets.xcassets in Resources */ = {isa = PBXBuildFile; fileRef = D01F646D29867925003E8753 /* Assets.xcassets */; };
		D01F647129867925003E8753 /* Preview Assets.xcassets in Resources */ = {isa = PBXBuildFile; fileRef = D01F647029867925003E8753 /* Preview Assets.xcassets */; };
		D01F647B29867926003E8753 /* badgeTests.swift in Sources */ = {isa = PBXBuildFile; fileRef = D01F647A29867926003E8753 /* badgeTests.swift */; };
		D01F648529867926003E8753 /* badgeUITests.swift in Sources */ = {isa = PBXBuildFile; fileRef = D01F648429867926003E8753 /* badgeUITests.swift */; };
		D01F648729867926003E8753 /* badgeUITestsLaunchTests.swift in Sources */ = {isa = PBXBuildFile; fileRef = D01F648629867926003E8753 /* badgeUITestsLaunchTests.swift */; };
/* End PBXBuildFile section */

/* Begin PBXContainerItemProxy section */
		D01F647729867926003E8753 /* PBXContainerItemProxy */ = {
			isa = PBXContainerItemProxy;
			containerPortal = D01F645E29867924003E8753 /* Project object */;
			proxyType = 1;
			remoteGlobalIDString = D01F646529867924003E8753;
			remoteInfo = badge;
		};
		D01F648129867926003E8753 /* PBXContainerItemProxy */ = {
			isa = PBXContainerItemProxy;
			containerPortal = D01F645E29867924003E8753 /* Project object */;
			proxyType = 1;
			remoteGlobalIDString = D01F646529867924003E8753;
			remoteInfo = badge;
		};
/* End PBXContainerItemProxy section */

/* Begin PBXFileReference section */
		D01F646629867924003E8753 /* badge.app */ = {isa = PBXFileReference; explicitFileType = wrapper.application; includeInIndex = 0; path = badge.app; sourceTree = BUILT_PRODUCTS_DIR; };
		D01F646929867924003E8753 /* badgeApp.swift */ = {isa = PBXFileReference; lastKnownFileType = sourcecode.swift; path = badgeApp.swift; sourceTree = "<group>"; };
		D01F646B29867924003E8753 /* ContentView.swift */ = {isa = PBXFileReference; lastKnownFileType = sourcecode.swift; path = ContentView.swift; sourceTree = "<group>"; };
		D01F646D29867925003E8753 /* Assets.xcassets */ = {isa = PBXFileReference; lastKnownFileType = folder.assetcatalog; path = Assets.xcassets; sourceTree = "<group>"; };
		D01F647029867925003E8753 /* Preview Assets.xcassets */ = {isa = PBXFileReference; lastKnownFileType = folder.assetcatalog; path = "Preview Assets.xcassets"; sourceTree = "<group>"; };
		D01F647629867926003E8753 /* badgeTests.xctest */ = {isa = PBXFileReference; explicitFileType = wrapper.cfbundle; includeInIndex = 0; path = badgeTests.xctest; sourceTree = BUILT_PRODUCTS_DIR; };
		D01F647A29867926003E8753 /* badgeTests.swift */ = {isa = PBXFileReference; lastKnownFileType = sourcecode.swift; path = badgeTests.swift; sourceTree = "<group>"; };
		D01F648029867926003E8753 /* badgeUITests.xctest */ = {isa = PBXFileReference; explicitFileType = wrapper.cfbundle; includeInIndex = 0; path = badgeUITests.xctest; sourceTree = BUILT_PRODUCTS_DIR; };
		D01F648429867926003E8753 /* badgeUITests.swift */ = {isa = PBXFileReference; lastKnownFileType = sourcecode.swift; path = badgeUITests.swift; sourceTree = "<group>"; };
		D01F648629867926003E8753 /* badgeUITestsLaunchTests.swift */ = {isa = PBXFileReference; lastKnownFileType = sourcecode.swift; path = badgeUITestsLaunchTests.swift; sourceTree = "<group>"; };
/* End PBXFileReference section */

/* Begin PBXFrameworksBuildPhase section */
		D01F646329867924003E8753 /* Frameworks */ = {
			isa = PBXFrameworksBuildPhase;
			buildActionMask = 2147483647;
			files = (
			);
			runOnlyForDeploymentPostprocessing = 0;
		};
		D01F647329867926003E8753 /* Frameworks */ = {
			isa = PBXFrameworksBuildPhase;
			buildActionMask = 2147483647;
			files = (
			);
			runOnlyForDeploymentPostprocessing = 0;
		};
		D01F647D29867926003E8753 /* Frameworks */ = {
			isa = PBXFrameworksBuildPhase;
			buildActionMask = 2147483647;
			files = (
			);
			runOnlyForDeploymentPostprocessing = 0;
		};
/* End PBXFrameworksBuildPhase section */

/* Begin PBXGroup section */
		D01F645D29867924003E8753 = {
			isa = PBXGroup;
			children = (
				D01F646829867924003E8753 /* badge */,
				D01F647929867926003E8753 /* badgeTests */,
				D01F648329867926003E8753 /* badgeUITests */,
				D01F646729867924003E8753 /* Products */,
			);
			sourceTree = "<group>";
		};
		D01F646729867924003E8753 /* Products */ = {
			isa = PBXGroup;
			children = (
				D01F646629867924003E8753 /* badge.app */,
				D01F647629867926003E8753 /* badgeTests.xctest */,
				D01F648029867926003E8753 /* badgeUITests.xctest */,
			);
			name = Products;
			sourceTree = "<group>";
		};
		D01F646829867924003E8753 /* badge */ = {
			isa = PBXGroup;
			children = (
				D01F646929867924003E8753 /* badgeApp.swift */,
				D01F646B29867924003E8753 /* ContentView.swift */,
				D01F646D29867925003E8753 /* Assets.xcassets */,
				D01F646F29867925003E8753 /* Preview Content */,
			);
			path = badge;
			sourceTree = "<group>";
		};
		D01F646F29867925003E8753 /* Preview Content */ = {
			isa = PBXGroup;
			children = (
				D01F647029867925003E8753 /* Preview Assets.xcassets */,
			);
			path = "Preview Content";
			sourceTree = "<group>";
		};
		D01F647929867926003E8753 /* badgeTests */ = {
			isa = PBXGroup;
			children = (
				D01F647A29867926003E8753 /* badgeTests.swift */,
			);
			path = badgeTests;
			sourceTree = "<group>";
		};
		D01F648329867926003E8753 /* badgeUITests */ = {
			isa = PBXGroup;
			children = (
				D01F648429867926003E8753 /* badgeUITests.swift */,
				D01F648629867926003E8753 /* badgeUITestsLaunchTests.swift */,
			);
			path = badgeUITests;
			sourceTree = "<group>";
		};
/* End PBXGroup section */

/* Begin PBXNativeTarget section */
		D01F646529867924003E8753 /* badge */ = {
			isa = PBXNativeTarget;
			buildConfigurationList = D01F648A29867926003E8753 /* Build configuration list for PBXNativeTarget "badge" */;
			buildPhases = (
				D01F646229867924003E8753 /* Sources */,
				D01F646329867924003E8753 /* Frameworks */,
				D01F646429867924003E8753 /* Resources */,
			);
			buildRules = (
			);
			dependencies = (
			);
			name = badge;
			productName = badge;
			productReference = D01F646629867924003E8753 /* badge.app */;
			productType = "com.apple.product-type.application";
		};
		D01F647529867926003E8753 /* badgeTests */ = {
			isa = PBXNativeTarget;
			buildConfigurationList = D01F648D29867926003E8753 /* Build configuration list for PBXNativeTarget "badgeTests" */;
			buildPhases = (
				D01F647229867926003E8753 /* Sources */,
				D01F647329867926003E8753 /* Frameworks */,
				D01F647429867926003E8753 /* Resources */,
			);
			buildRules = (
			);
			dependencies = (
				D01F647829867926003E8753 /* PBXTargetDependency */,
			);
			name = badgeTests;
			productName = badgeTests;
			productReference = D01F647629867926003E8753 /* badgeTests.xctest */;
			productType = "com.apple.product-type.bundle.unit-test";
		};
		D01F647F29867926003E8753 /* badgeUITests */ = {
			isa = PBXNativeTarget;
			buildConfigurationList = D01F649029867926003E8753 /* Build configuration list for PBXNativeTarget "badgeUITests" */;
			buildPhases = (
				D01F647C29867926003E8753 /* Sources */,
				D01F647D29867926003E8753 /* Frameworks */,
				D01F647E29867926003E8753 /* Resources */,
			);
			buildRules = (
			);
			dependencies = (
				D01F648229867926003E8753 /* PBXTargetDependency */,
			);
			name = badgeUITests;
			productName = badgeUITests;
			productReference = D01F648029867926003E8753 /* badgeUITests.xctest */;
			productType = "com.apple.product-type.bundle.ui-testing";
		};
/* End PBXNativeTarget section */

/* Begin PBXProject section */
		D01F645E29867924003E8753 /* Project object */ = {
			isa = PBXProject;
			attributes = {
				BuildIndependentTargetsInParallel = 1;
				LastSwiftUpdateCheck = 1410;
				LastUpgradeCheck = 1410;
				TargetAttributes = {
					D01F646529867924003E8753 = {
						CreatedOnToolsVersion = 14.1;
					};
					D01F647529867926003E8753 = {
						CreatedOnToolsVersion = 14.1;
						TestTargetID = D01F646529867924003E8753;
					};
					D01F647F29867926003E8753 = {
						CreatedOnToolsVersion = 14.1;
						TestTargetID = D01F646529867924003E8753;
					};
				};
			};
			buildConfigurationList = D01F646129867924003E8753 /* Build configuration list for PBXProject "badge" */;
			compatibilityVersion = "Xcode 14.0";
			developmentRegion = en;
			hasScannedForEncodings = 0;
			knownRegions = (
				en,
				Base,
			);
			mainGroup = D01F645D29867924003E8753;
			productRefGroup = D01F646729867924003E8753 /* Products */;
			projectDirPath = "";
			projectRoot = "";
			targets = (
				D01F646529867924003E8753 /* badge */,
				D01F647529867926003E8753 /* badgeTests */,
				D01F647F29867926003E8753 /* badgeUITests */,
			);
		};
/* End PBXProject section */

/* Begin PBXResourcesBuildPhase section */
		D01F646429867924003E8753 /* Resources */ = {
			isa = PBXResourcesBuildPhase;
			buildActionMask = 2147483647;
			files = (
				D01F647129867925003E8753 /* Preview Assets.xcassets in Resources */,
				D01F646E29867925003E8753 /* Assets.xcassets in Resources */,
			);
			runOnlyForDeploymentPostprocessing = 0;
		};
		D01F647429867926003E8753 /* Resources */ = {
			isa = PBXResourcesBuildPhase;
			buildActionMask = 2147483647;
			files = (
			);
			runOnlyForDeploymentPostprocessing = 0;
		};
		D01F647E29867926003E8753 /* Resources */ = {
			isa = PBXResourcesBuildPhase;
			buildActionMask = 2147483647;
			files = (
			);
			runOnlyForDeploymentPostprocessing = 0;
		};
/* End PBXResourcesBuildPhase section */

/* Begin PBXSourcesBuildPhase section */
		D01F646229867924003E8753 /* Sources */ = {
			isa = PBXSourcesBuildPhase;
			buildActionMask = 2147483647;
			files = (
				D01F646C29867924003E8753 /* ContentView.swift in Sources */,
				D01F646A29867924003E8753 /* badgeApp.swift in Sources */,
			);
			runOnlyForDeploymentPostprocessing = 0;
		};
		D01F647229867926003E8753 /* Sources */ = {
			isa = PBXSourcesBuildPhase;
			buildActionMask = 2147483647;
			files = (
				D01F647B29867926003E8753 /* badgeTests.swift in Sources */,
			);
			runOnlyForDeploymentPostprocessing = 0;
		};
		D01F647C29867926003E8753 /* Sources */ = {
			isa = PBXSourcesBuildPhase;
			buildActionMask = 2147483647;
			files = (
				D01F648729867926003E8753 /* badgeUITestsLaunchTests.swift in Sources */,
				D01F648529867926003E8753 /* badgeUITests.swift in Sources */,
			);
			runOnlyForDeploymentPostprocessing = 0;
		};
/* End PBXSourcesBuildPhase section */

/* Begin PBXTargetDependency section */
		D01F647829867926003E8753 /* PBXTargetDependency */ = {
			isa = PBXTargetDependency;
			target = D01F646529867924003E8753 /* badge */;
			targetProxy = D01F647729867926003E8753 /* PBXContainerItemProxy */;
		};
		D01F648229867926003E8753 /* PBXTargetDependency */ = {
			isa = PBXTargetDependency;
			target = D01F646529867924003E8753 /* badge */;
			targetProxy = D01F648129867926003E8753 /* PBXContainerItemProxy */;
		};
/* End PBXTargetDependency section */

/* Begin XCBuildConfiguration section */
		D01F648829867926003E8753 /* Debug */ = {
			isa = XCBuildConfiguration;
			buildSettings = {
				ALWAYS_SEARCH_USER_PATHS = NO;
				CLANG_ANALYZER_NONNULL = YES;
				CLANG_ANALYZER_NUMBER_OBJECT_CONVERSION = YES_AGGRESSIVE;
				CLANG_CXX_LANGUAGE_STANDARD = "gnu++20";
				CLANG_ENABLE_MODULES = YES;
				CLANG_ENABLE_OBJC_ARC = YES;
				CLANG_ENABLE_OBJC_WEAK = YES;
				CLANG_WARN_BLOCK_CAPTURE_AUTORELEASING = YES;
				CLANG_WARN_BOOL_CONVERSION = YES;
				CLANG_WARN_COMMA = YES;
				CLANG_WARN_CONSTANT_CONVERSION = YES;
				CLANG_WARN_DEPRECATED_OBJC_IMPLEMENTATIONS = YES;
				CLANG_WARN_DIRECT_OBJC_ISA_USAGE = YES_ERROR;
				CLANG_WARN_DOCUMENTATION_COMMENTS = YES;
				CLANG_WARN_EMPTY_BODY = YES;
				CLANG_WARN_ENUM_CONVERSION = YES;
				CLANG_WARN_INFINITE_RECURSION = YES;
				CLANG_WARN_INT_CONVERSION = YES;
				CLANG_WARN_NON_LITERAL_NULL_CONVERSION = YES;
				CLANG_WARN_OBJC_IMPLICIT_RETAIN_SELF = YES;
				CLANG_WARN_OBJC_LITERAL_CONVERSION = YES;
				CLANG_WARN_OBJC_ROOT_CLASS = YES_ERROR;
				CLANG_WARN_QUOTED_INCLUDE_IN_FRAMEWORK_HEADER = YES;
				CLANG_WARN_RANGE_LOOP_ANALYSIS = YES;
				CLANG_WARN_STRICT_PROTOTYPES = YES;
				CLANG_WARN_SUSPICIOUS_MOVE = YES;
				CLANG_WARN_UNGUARDED_AVAILABILITY = YES_AGGRESSIVE;
				CLANG_WARN_UNREACHABLE_CODE = YES;
				CLANG_WARN__DUPLICATE_METHOD_MATCH = YES;
				COPY_PHASE_STRIP = NO;
				DEBUG_INFORMATION_FORMAT = dwarf;
				ENABLE_STRICT_OBJC_MSGSEND = YES;
				ENABLE_TESTABILITY = YES;
				GCC_C_LANGUAGE_STANDARD = gnu11;
				GCC_DYNAMIC_NO_PIC = NO;
				GCC_NO_COMMON_BLOCKS = YES;
				GCC_OPTIMIZATION_LEVEL = 0;
				GCC_PREPROCESSOR_DEFINITIONS = (
					"DEBUG=1",
					"$(inherited)",
				);
				GCC_WARN_64_TO_32_BIT_CONVERSION = YES;
				GCC_WARN_ABOUT_RETURN_TYPE = YES_ERROR;
				GCC_WARN_UNDECLARED_SELECTOR = YES;
				GCC_WARN_UNINITIALIZED_AUTOS = YES_AGGRESSIVE;
				GCC_WARN_UNUSED_FUNCTION = YES;
				GCC_WARN_UNUSED_VARIABLE = YES;
				IPHONEOS_DEPLOYMENT_TARGET = 16.1;
				MTL_ENABLE_DEBUG_INFO = INCLUDE_SOURCE;
				MTL_FAST_MATH = YES;
				ONLY_ACTIVE_ARCH = YES;
				SDKROOT = iphoneos;
				SWIFT_ACTIVE_COMPILATION_CONDITIONS = DEBUG;
				SWIFT_OPTIMIZATION_LEVEL = "-Onone";
			};
			name = Debug;
		};
		D01F648929867926003E8753 /* Release */ = {
			isa = XCBuildConfiguration;
			buildSettings = {
				ALWAYS_SEARCH_USER_PATHS = NO;
				CLANG_ANALYZER_NONNULL = YES;
				CLANG_ANALYZER_NUMBER_OBJECT_CONVERSION = YES_AGGRESSIVE;
				CLANG_CXX_LANGUAGE_STANDARD = "gnu++20";
				CLANG_ENABLE_MODULES = YES;
				CLANG_ENABLE_OBJC_ARC = YES;
				CLANG_ENABLE_OBJC_WEAK = YES;
				CLANG_WARN_BLOCK_CAPTURE_AUTORELEASING = YES;
				CLANG_WARN_BOOL_CONVERSION = YES;
				CLANG_WARN_COMMA = YES;
				CLANG_WARN_CONSTANT_CONVERSION = YES;
				CLANG_WARN_DEPRECATED_OBJC_IMPLEMENTATIONS = YES;
				CLANG_WARN_DIRECT_OBJC_ISA_USAGE = YES_ERROR;
				CLANG_WARN_DOCUMENTATION_COMMENTS = YES;
				CLANG_WARN_EMPTY_BODY = YES;
				CLANG_WARN_ENUM_CONVERSION = YES;
				CLANG_WARN_INFINITE_RECURSION = YES;
				CLANG_WARN_INT_CONVERSION = YES;
				CLANG_WARN_NON_LITERAL_NULL_CONVERSION = YES;
				CLANG_WARN_OBJC_IMPLICIT_RETAIN_SELF = YES;
				CLANG_WARN_OBJC_LITERAL_CONVERSION = YES;
				CLANG_WARN_OBJC_ROOT_CLASS = YES_ERROR;
				CLANG_WARN_QUOTED_INCLUDE_IN_FRAMEWORK_HEADER = YES;
				CLANG_WARN_RANGE_LOOP_ANALYSIS = YES;
				CLANG_WARN_STRICT_PROTOTYPES = YES;
				CLANG_WARN_SUSPICIOUS_MOVE = YES;
				CLANG_WARN_UNGUARDED_AVAILABILITY = YES_AGGRESSIVE;
				CLANG_WARN_UNREACHABLE_CODE = YES;
				CLANG_WARN__DUPLICATE_METHOD_MATCH = YES;
				COPY_PHASE_STRIP = NO;
				DEBUG_INFORMATION_FORMAT = "dwarf-with-dsym";
				ENABLE_NS_ASSERTIONS = NO;
				ENABLE_STRICT_OBJC_MSGSEND = YES;
				GCC_C_LANGUAGE_STANDARD = gnu11;
				GCC_NO_COMMON_BLOCKS = YES;
				GCC_WARN_64_TO_32_BIT_CONVERSION = YES;
				GCC_WARN_ABOUT_RETURN_TYPE = YES_ERROR;
				GCC_WARN_UNDECLARED_SELECTOR = YES;
				GCC_WARN_UNINITIALIZED_AUTOS = YES_AGGRESSIVE;
				GCC_WARN_UNUSED_FUNCTION = YES;
				GCC_WARN_UNUSED_VARIABLE = YES;
				IPHONEOS_DEPLOYMENT_TARGET = 16.1;
				MTL_ENABLE_DEBUG_INFO = NO;
				MTL_FAST_MATH = YES;
				SDKROOT = iphoneos;
				SWIFT_COMPILATION_MODE = wholemodule;
				SWIFT_OPTIMIZATION_LEVEL = "-O";
				VALIDATE_PRODUCT = YES;
			};
			name = Release;
		};
		D01F648B29867926003E8753 /* Debug */ = {
			isa = XCBuildConfiguration;
			buildSettings = {
				ASSETCATALOG_COMPILER_APPICON_NAME = AppIcon;
				ASSETCATALOG_COMPILER_GLOBAL_ACCENT_COLOR_NAME = AccentColor;
				CODE_SIGN_STYLE = Automatic;
				CURRENT_PROJECT_VERSION = 1;
				DEVELOPMENT_ASSET_PATHS = "\"badge/Preview Content\"";
				DEVELOPMENT_TEAM = P5VMAUTH5P;
				ENABLE_PREVIEWS = YES;
				GENERATE_INFOPLIST_FILE = YES;
				INFOPLIST_KEY_UIApplicationSceneManifest_Generation = YES;
				INFOPLIST_KEY_UIApplicationSupportsIndirectInputEvents = YES;
				INFOPLIST_KEY_UILaunchScreen_Generation = YES;
				INFOPLIST_KEY_UISupportedInterfaceOrientations_iPad = "UIInterfaceOrientationPortrait UIInterfaceOrientationPortraitUpsideDown UIInterfaceOrientationLandscapeLeft UIInterfaceOrientationLandscapeRight";
				INFOPLIST_KEY_UISupportedInterfaceOrientations_iPhone = "UIInterfaceOrientationPortrait UIInterfaceOrientationLandscapeLeft UIInterfaceOrientationLandscapeRight";
				LD_RUNPATH_SEARCH_PATHS = (
					"$(inherited)",
					"@executable_path/Frameworks",
				);
				MARKETING_VERSION = 1.0;
				PRODUCT_BUNDLE_IDENTIFIER = AsmiJain.badge;
				PRODUCT_NAME = "$(TARGET_NAME)";
				SWIFT_EMIT_LOC_STRINGS = YES;
				SWIFT_VERSION = 5.0;
				TARGETED_DEVICE_FAMILY = "1,2";
			};
			name = Debug;
		};
		D01F648C29867926003E8753 /* Release */ = {
			isa = XCBuildConfiguration;
			buildSettings = {
				ASSETCATALOG_COMPILER_APPICON_NAME = AppIcon;
				ASSETCATALOG_COMPILER_GLOBAL_ACCENT_COLOR_NAME = AccentColor;
				CODE_SIGN_STYLE = Automatic;
				CURRENT_PROJECT_VERSION = 1;
				DEVELOPMENT_ASSET_PATHS = "\"badge/Preview Content\"";
				DEVELOPMENT_TEAM = P5VMAUTH5P;
				ENABLE_PREVIEWS = YES;
				GENERATE_INFOPLIST_FILE = YES;
				INFOPLIST_KEY_UIApplicationSceneManifest_Generation = YES;
				INFOPLIST_KEY_UIApplicationSupportsIndirectInputEvents = YES;
				INFOPLIST_KEY_UILaunchScreen_Generation = YES;
				INFOPLIST_KEY_UISupportedInterfaceOrientations_iPad = "UIInterfaceOrientationPortrait UIInterfaceOrientationPortraitUpsideDown UIInterfaceOrientationLandscapeLeft UIInterfaceOrientationLandscapeRight";
				INFOPLIST_KEY_UISupportedInterfaceOrientations_iPhone = "UIInterfaceOrientationPortrait UIInterfaceOrientationLandscapeLeft UIInterfaceOrientationLandscapeRight";
				LD_RUNPATH_SEARCH_PATHS = (
					"$(inherited)",
					"@executable_path/Frameworks",
				);
				MARKETING_VERSION = 1.0;
				PRODUCT_BUNDLE_IDENTIFIER = AsmiJain.badge;
				PRODUCT_NAME = "$(TARGET_NAME)";
				SWIFT_EMIT_LOC_STRINGS = YES;
				SWIFT_VERSION = 5.0;
				TARGETED_DEVICE_FAMILY = "1,2";
			};
			name = Release;
		};
		D01F648E29867926003E8753 /* Debug */ = {
			isa = XCBuildConfiguration;
			buildSettings = {
				ALWAYS_EMBED_SWIFT_STANDARD_LIBRARIES = YES;
				BUNDLE_LOADER = "$(TEST_HOST)";
				CODE_SIGN_STYLE = Automatic;
				CURRENT_PROJECT_VERSION = 1;
				DEVELOPMENT_TEAM = P5VMAUTH5P;
				GENERATE_INFOPLIST_FILE = YES;
				IPHONEOS_DEPLOYMENT_TARGET = 16.1;
				MARKETING_VERSION = 1.0;
				PRODUCT_BUNDLE_IDENTIFIER = AsmiJain.badgeTests;
				PRODUCT_NAME = "$(TARGET_NAME)";
				SWIFT_EMIT_LOC_STRINGS = NO;
				SWIFT_VERSION = 5.0;
				TARGETED_DEVICE_FAMILY = "1,2";
				TEST_HOST = "$(BUILT_PRODUCTS_DIR)/badge.app/$(BUNDLE_EXECUTABLE_FOLDER_PATH)/badge";
			};
			name = Debug;
		};
		D01F648F29867926003E8753 /* Release */ = {
			isa = XCBuildConfiguration;
			buildSettings = {
				ALWAYS_EMBED_SWIFT_STANDARD_LIBRARIES = YES;
				BUNDLE_LOADER = "$(TEST_HOST)";
				CODE_SIGN_STYLE = Automatic;
				CURRENT_PROJECT_VERSION = 1;
				DEVELOPMENT_TEAM = P5VMAUTH5P;
				GENERATE_INFOPLIST_FILE = YES;
				IPHONEOS_DEPLOYMENT_TARGET = 16.1;
				MARKETING_VERSION = 1.0;
				PRODUCT_BUNDLE_IDENTIFIER = AsmiJain.badgeTests;
				PRODUCT_NAME = "$(TARGET_NAME)";
				SWIFT_EMIT_LOC_STRINGS = NO;
				SWIFT_VERSION = 5.0;
				TARGETED_DEVICE_FAMILY = "1,2";
				TEST_HOST = "$(BUILT_PRODUCTS_DIR)/badge.app/$(BUNDLE_EXECUTABLE_FOLDER_PATH)/badge";
			};
			name = Release;
		};
		D01F649129867926003E8753 /* Debug */ = {
			isa = XCBuildConfiguration;
			buildSettings = {
				ALWAYS_EMBED_SWIFT_STANDARD_LIBRARIES = YES;
				CODE_SIGN_STYLE = Automatic;
				CURRENT_PROJECT_VERSION = 1;
				DEVELOPMENT_TEAM = P5VMAUTH5P;
				GENERATE_INFOPLIST_FILE = YES;
				MARKETING_VERSION = 1.0;
				PRODUCT_BUNDLE_IDENTIFIER = AsmiJain.badgeUITests;
				PRODUCT_NAME = "$(TARGET_NAME)";
				SWIFT_EMIT_LOC_STRINGS = NO;
				SWIFT_VERSION = 5.0;
				TARGETED_DEVICE_FAMILY = "1,2";
				TEST_TARGET_NAME = badge;
			};
			name = Debug;
		};
		D01F649229867926003E8753 /* Release */ = {
			isa = XCBuildConfiguration;
			buildSettings = {
				ALWAYS_EMBED_SWIFT_STANDARD_LIBRARIES = YES;
				CODE_SIGN_STYLE = Automatic;
				CURRENT_PROJECT_VERSION = 1;
				DEVELOPMENT_TEAM = P5VMAUTH5P;
				GENERATE_INFOPLIST_FILE = YES;
				MARKETING_VERSION = 1.0;
				PRODUCT_BUNDLE_IDENTIFIER = AsmiJain.badgeUITests;
				PRODUCT_NAME = "$(TARGET_NAME)";
				SWIFT_EMIT_LOC_STRINGS = NO;
				SWIFT_VERSION = 5.0;
				TARGETED_DEVICE_FAMILY = "1,2";
				TEST_TARGET_NAME = badge;
			};
			name = Release;
		};
/* End XCBuildConfiguration section */

/* Begin XCConfigurationList section */
		D01F646129867924003E8753 /* Build configuration list for PBXProject "badge" */ = {
			isa = XCConfigurationList;
			buildConfigurations = (
				D01F648829867926003E8753 /* Debug */,
				D01F648929867926003E8753 /* Release */,
			);
			defaultConfigurationIsVisible = 0;
			defaultConfigurationName = Release;
		};
		D01F648A29867926003E8753 /* Build configuration list for PBXNativeTarget "badge" */ = {
			isa = XCConfigurationList;
			buildConfigurations = (
				D01F648B29867926003E8753 /* Debug */,
				D01F648C29867926003E8753 /* Release */,
			);
			defaultConfigurationIsVisible = 0;
			defaultConfigurationName = Release;
		};
		D01F648D29867926003E8753 /* Build configuration list for PBXNativeTarget "badgeTests" */ = {
			isa = XCConfigurationList;
			buildConfigurations = (
				D01F648E29867926003E8753 /* Debug */,
				D01F648F29867926003E8753 /* Release */,
			);
			defaultConfigurationIsVisible = 0;
			defaultConfigurationName = Release;
		};
		D01F649029867926003E8753 /* Build configuration list for PBXNativeTarget "badgeUITests" */ = {
			isa = XCConfigurationList;
			buildConfigurations = (
				D01F649129867926003E8753 /* Debug */,
				D01F649229867926003E8753 /* Release */,
			);
			defaultConfigurationIsVisible = 0;
			defaultConfigurationName = Release;
		};
/* End XCConfigurationList section */
	};
	rootObject = D01F645E29867924003E8753 /* Project object */;
}
